
Microsoft Visual Studio Solution File, Format Version 12.00
# Visual Studio Version 16
VisualStudioVersion = 16.0.31911.196
MinimumVisualStudioVersion = 10.0.40219.1
Project("{FAE04EC0-301F-11D3-BF4B-00C04F79EFBC}") = "TotalBattle", "TotalBattle\TotalBattle.csproj", "{1FE88D89-CEEC-4003-9A6A-BD9AEBF55BFE}"
EndProject
Global
	GlobalSection(SolutionConfigurationPlatforms) = preSolution
		Debug|Any CPU = Debug|Any CPU
		Release|Any CPU = Release|Any CPU
	EndGlobalSection
	GlobalSection(ProjectConfigurationPlatforms) = postSolution
		{1FE88D89-CEEC-4003-9A6A-BD9AEBF55BFE}.Debug|Any CPU.ActiveCfg = Debug|Any CPU
		{1FE88D89-CEEC-4003-9A6A-BD9AEBF55BFE}.Debug|Any CPU.Build.0 = Debug|Any CPU
		{1FE88D89-CEEC-4003-9A6A-BD9AEBF55BFE}.Release|Any CPU.ActiveCfg = Release|Any CPU
		{1FE88D89-CEEC-4003-9A6A-BD9AEBF55BFE}.Release|Any CPU.Build.0 = Release|Any CPU
	EndGlobalSection
	GlobalSection(SolutionProperties) = preSolution
		HideSolutionNode = FALSE
	EndGlobalSection
	GlobalSection(ExtensibilityGlobals) = postSolution
		SolutionGuid = {95E463CA-C98E-4C45-974A-3E61272D1B9D}
	EndGlobalSection
EndGlobal
